
Microsoft Visual Studio Solution File, Format Version 12.00
# Visual Studio Version 17
VisualStudioVersion = 17.14.36401.2 d17.14
MinimumVisualStudioVersion = 10.0.40219.1
Project("{FAE04EC0-301F-11D3-BF4B-00C04F79EFBC}") = "HistorikasMap", "HistorikasMap\HistorikasMap.csproj", "{7732C1F5-860C-4D82-A122-87E1E4158950}"
EndProject
Global
	GlobalSection(SolutionConfigurationPlatforms) = preSolution
		Debug|Any CPU = Debug|Any CPU
		Release|Any CPU = Release|Any CPU
	EndGlobalSection
	GlobalSection(ProjectConfigurationPlatforms) = postSolution
		{7732C1F5-860C-4D82-A122-87E1E4158950}.Debug|Any CPU.ActiveCfg = Debug|Any CPU
		{7732C1F5-860C-4D82-A122-87E1E4158950}.Debug|Any CPU.Build.0 = Debug|Any CPU
		{7732C1F5-860C-4D82-A122-87E1E4158950}.Release|Any CPU.ActiveCfg = Release|Any CPU
		{7732C1F5-860C-4D82-A122-87E1E4158950}.Release|Any CPU.Build.0 = Release|Any CPU
	EndGlobalSection
	GlobalSection(SolutionProperties) = preSolution
		HideSolutionNode = FALSE
	EndGlobalSection
	GlobalSection(ExtensibilityGlobals) = postSolution
		SolutionGuid = {55FFA2E5-CD9F-4AEC-835D-1302F7D9A804}
	EndGlobalSection
EndGlobal
